
Microsoft Visual Studio Solution File, Format Version 12.00
# Visual Studio 15
VisualStudioVersion = 15.0.28307.421
MinimumVisualStudioVersion = 10.0.40219.1
Project("{FAE04EC0-301F-11D3-BF4B-00C04F79EFBC}") = "Tedu_06_TaoProject", "Tedu_06_TaoProject\Tedu_06_TaoProject.csproj", "{AEE41A3D-A18C-4F37-B87E-9069AD548CD3}"
EndProject
Global
	GlobalSection(SolutionConfigurationPlatforms) = preSolution
		Debug|Any CPU = Debug|Any CPU
		Release|Any CPU = Release|Any CPU
	EndGlobalSection
	GlobalSection(ProjectConfigurationPlatforms) = postSolution
		{AEE41A3D-A18C-4F37-B87E-9069AD548CD3}.Debug|Any CPU.ActiveCfg = Debug|Any CPU
		{AEE41A3D-A18C-4F37-B87E-9069AD548CD3}.Debug|Any CPU.Build.0 = Debug|Any CPU
		{AEE41A3D-A18C-4F37-B87E-9069AD548CD3}.Release|Any CPU.ActiveCfg = Release|Any CPU
		{AEE41A3D-A18C-4F37-B87E-9069AD548CD3}.Release|Any CPU.Build.0 = Release|Any CPU
	EndGlobalSection
	GlobalSection(SolutionProperties) = preSolution
		HideSolutionNode = FALSE
	EndGlobalSection
	GlobalSection(ExtensibilityGlobals) = postSolution
		SolutionGuid = {5A84FEC0-CD3F-4E99-BFAC-71176B425C68}
	EndGlobalSection
EndGlobal
